{
  "nodes": {
    "blobs": {
      "flake": false,
      "locked": {
        "lastModified": 1604995301,
        "narHash": "sha256-wcLzgLec6SGJA8fx1OEN1yV/Py5b+U5iyYpksUY/yLw=",
        "owner": "simple-nixos-mailserver",
        "repo": "blobs",
        "rev": "2cccdf1ca48316f2cfd1c9a0017e8de5a7156265",
        "type": "gitlab"
      },
      "original": {
        "owner": "simple-nixos-mailserver",
        "repo": "blobs",
        "type": "gitlab"
      }
    },
    "flake-compat": {
      "flake": false,
      "locked": {
        "lastModified": 1673956053,
        "narHash": "sha256-4gtG9iQuiKITOjNQQeQIpoIB6b16fm+504Ch3sNKLd8=",
        "owner": "edolstra",
        "repo": "flake-compat",
        "rev": "35bb57c0c8d8b62bbfd284272c928ceb64ddbde9",
        "type": "github"
      },
      "original": {
        "owner": "edolstra",
        "repo": "flake-compat",
        "type": "github"
      }
    },
    "flake-compat_2": {
      "flake": false,
      "locked": {
        "lastModified": 1668681692,
        "narHash": "sha256-Ht91NGdewz8IQLtWZ9LCeNXMSXHUss+9COoqu6JLmXU=",
        "owner": "edolstra",
        "repo": "flake-compat",
        "rev": "009399224d5e398d03b22badca40a37ac85412a1",
        "type": "github"
      },
      "original": {
        "owner": "edolstra",
        "repo": "flake-compat",
        "type": "github"
      }
    },
    "flake-utils": {
      "locked": {
        "lastModified": 1667395993,
        "narHash": "sha256-nuEHfE/LcWyuSWnS8t12N1wc105Qtau+/OdUAjtQ0rA=",
        "owner": "numtide",
        "repo": "flake-utils",
        "rev": "5aed5285a952e0b949eb3ba02c12fa4fcfef535f",
        "type": "github"
      },
      "original": {
        "owner": "numtide",
        "repo": "flake-utils",
        "type": "github"
      }
    },
    "home-manager": {
      "inputs": {
        "nixpkgs": [
          "nixpkgs"
        ],
        "utils": "utils"
      },
      "locked": {
        "lastModified": 1675466123,
        "narHash": "sha256-EMPM1dtqNPhhyKLrqyNnus0TV2u+5AbtlzjA8Kgoi+k=",
        "owner": "m1cr0man",
        "repo": "home-manager",
        "rev": "6da0b252c94744021ed89d12ea249a91a78e77b6",
        "type": "github"
      },
      "original": {
        "owner": "m1cr0man",
        "ref": "opera",
        "repo": "home-manager",
        "type": "github"
      }
    },
    "jovian": {
      "inputs": {
        "flake-compat": "flake-compat",
        "nixpkgs": [
          "nixpkgs"
        ]
      },
      "locked": {
        "lastModified": 1680470757,
        "narHash": "sha256-AUVRchSOoeeo0G+LSj/iI18risevY6bLZe48L7NyG3Y=",
        "owner": "m1cr0man",
        "repo": "Jovian-NixOS",
        "rev": "211d64b74bc906b323a9bd3b35e10d4b40c5ee59",
        "type": "github"
      },
      "original": {
        "owner": "m1cr0man",
        "ref": "flakes",
        "repo": "Jovian-NixOS",
        "type": "github"
      }
    },
    "nixos-nspawn": {
      "inputs": {
        "flake-utils": "flake-utils",
        "nixpkgs": [
          "nixpkgs"
        ]
      },
      "locked": {
        "lastModified": 1675711473,
        "narHash": "sha256-QCZ/N/c4ifrXT7xHqlOblqy43GLYfH8q1vFLaSb2sQY=",
        "owner": "m1cr0man",
        "repo": "python-nixos-nspawn",
        "rev": "33b296f366258ce22d9ce5ab6e163b5bb190971f",
        "type": "github"
      },
      "original": {
        "owner": "m1cr0man",
        "repo": "python-nixos-nspawn",
        "type": "github"
      }
    },
    "nixos-vscode-server": {
      "inputs": {
        "nixpkgs": [
          "nixpkgs"
        ]
      },
      "locked": {
        "lastModified": 1676501444,
        "narHash": "sha256-H+uQetkzd5GIga56HmCDwl5eihdQgeN2jVdNrkXzDyo=",
        "owner": "msteen",
        "repo": "nixos-vscode-server",
        "rev": "57f1716bc625d2892579294cc207956679e3d94c",
        "type": "github"
      },
      "original": {
        "owner": "msteen",
        "repo": "nixos-vscode-server",
        "type": "github"
      }
    },
    "nixpkgs": {
      "locked": {
        "lastModified": 1680471152,
        "narHash": "sha256-cZTbSdTdLmDQ2M7LFHR1frceSvYlvSbikCiZioxZVvs=",
        "owner": "m1cr0man",
        "repo": "nixpkgs",
        "rev": "52a72a667942ea835ec88591d3e5488c00f9b0dd",
        "type": "github"
      },
      "original": {
        "owner": "m1cr0man",
        "ref": "networkd-containers",
        "repo": "nixpkgs",
        "type": "github"
      }
    },
    "nixpkgs-22_11": {
      "locked": {
        "lastModified": 1669558522,
        "narHash": "sha256-yqxn+wOiPqe6cxzOo4leeJOp1bXE/fjPEi/3F/bBHv8=",
        "owner": "NixOS",
        "repo": "nixpkgs",
        "rev": "ce5fe99df1f15a09a91a86be9738d68fadfbad82",
        "type": "github"
      },
      "original": {
        "id": "nixpkgs",
        "ref": "nixos-22.11",
        "type": "indirect"
      }
    },
    "nixpkgs-stable": {
      "locked": {
        "lastModified": 1680390120,
        "narHash": "sha256-RyDJcG/7mfimadlo8vO0QjW22mvYH1+cCqMuigUntr8=",
        "owner": "NixOS",
        "repo": "nixpkgs",
        "rev": "c1e2efaca8d8a3db6a36f652765d6c6ba7bb8fae",
        "type": "github"
      },
      "original": {
        "owner": "NixOS",
        "ref": "release-22.11",
        "repo": "nixpkgs",
        "type": "github"
      }
    },
    "root": {
      "inputs": {
        "home-manager": "home-manager",
        "jovian": "jovian",
        "nixos-nspawn": "nixos-nspawn",
        "nixos-vscode-server": "nixos-vscode-server",
        "nixpkgs": "nixpkgs",
        "snm": "snm",
        "sops-nix": "sops-nix"
      }
    },
    "snm": {
      "inputs": {
        "blobs": "blobs",
        "flake-compat": "flake-compat_2",
        "nixpkgs": [
          "nixpkgs"
        ],
        "nixpkgs-22_11": "nixpkgs-22_11",
        "utils": "utils_2"
      },
      "locked": {
        "lastModified": 1671738303,
        "narHash": "sha256-PRgqtaWf2kMSYqVmcnmhTh+UsC0RmvXRTr+EOw5VZUA=",
        "ref": "master",
        "rev": "6d0d9fb966cc565a3df74d3b686f924c7615118c",
        "revCount": 544,
        "type": "git",
        "url": "https://gitlab.com/simple-nixos-mailserver/nixos-mailserver.git"
      },
      "original": {
        "ref": "master",
        "type": "git",
        "url": "https://gitlab.com/simple-nixos-mailserver/nixos-mailserver.git"
      }
    },
    "sops-nix": {
      "inputs": {
        "nixpkgs": [
          "nixpkgs"
        ],
        "nixpkgs-stable": "nixpkgs-stable"
      },
      "locked": {
        "lastModified": 1680404136,
        "narHash": "sha256-06D8HJmRv4DdpEQGblMhx2Vm81SBWM61XBBIx7QQfo0=",
        "owner": "Mic92",
        "repo": "sops-nix",
        "rev": "b93eb910f768f9788737bfed596a598557e5625d",
        "type": "github"
      },
      "original": {
        "owner": "Mic92",
        "repo": "sops-nix",
        "type": "github"
      }
    },
    "utils": {
      "locked": {
        "lastModified": 1667395993,
        "narHash": "sha256-nuEHfE/LcWyuSWnS8t12N1wc105Qtau+/OdUAjtQ0rA=",
        "owner": "numtide",
        "repo": "flake-utils",
        "rev": "5aed5285a952e0b949eb3ba02c12fa4fcfef535f",
        "type": "github"
      },
      "original": {
        "owner": "numtide",
        "repo": "flake-utils",
        "type": "github"
      }
    },
    "utils_2": {
      "locked": {
        "lastModified": 1605370193,
        "narHash": "sha256-YyMTf3URDL/otKdKgtoMChu4vfVL3vCMkRqpGifhUn0=",
        "owner": "numtide",
        "repo": "flake-utils",
        "rev": "5021eac20303a61fafe17224c087f5519baed54d",
        "type": "github"
      },
      "original": {
        "owner": "numtide",
        "repo": "flake-utils",
        "type": "github"
      }
    }
  },
  "root": "root",
  "version": 7
}
